<?xml version="1.0" encoding="utf-8"?>
<Project ToolsVersion="4.0" xmlns="http://schemas.microsoft.com/developer/msbuild/2003">
  <ItemGroup>
    <Filter Include="リソース ファイル">
      <UniqueIdentifier>{67DA6AB6-F800-4c08-8B7A-83BB121AAD01}</UniqueIdentifier>
      <Extensions>rc;ico;cur;bmp;dlg;rc2;rct;bin;rgs;gif;jpg;jpeg;jpe;resx;tiff;tif;png;wav;mfcribbon-ms</Extensions>
    </Filter>
    <Filter Include="File">
      <UniqueIdentifier>{ab770eec-562b-412a-b960-53da23888c53}</UniqueIdentifier>
    </Filter>
    <Filter Include="File\main">
      <UniqueIdentifier>{d26558a4-ba41-4951-87a7-2816a90e91de}</UniqueIdentifier>
    </Filter>
    <Filter Include="File\scene">
      <UniqueIdentifier>{88a69f3b-49a3-4716-b5e8-e18064c7e9e0}</UniqueIdentifier>
    </Filter>
    <Filter Include="リソース ファイル\out_game">
      <UniqueIdentifier>{14703e1e-061b-49e2-b14e-a8d8cf6f453a}</UniqueIdentifier>
    </Filter>
    <Filter Include="リソース ファイル\out_game\input">
      <UniqueIdentifier>{93e4df91-0097-4b53-bffb-28132fb75ae1}</UniqueIdentifier>
    </Filter>
    <Filter Include="リソース ファイル\out_game\Field">
      <UniqueIdentifier>{8f19b128-7000-4fa2-b19b-a93a0bcc8c28}</UniqueIdentifier>
    </Filter>
    <Filter Include="File\entity">
      <UniqueIdentifier>{694c5a00-50c9-49e3-9777-91087ccac7fa}</UniqueIdentifier>
    </Filter>
    <Filter Include="File\entity\player">
      <UniqueIdentifier>{5434cb9f-c4c2-40fd-b546-fe9b07ee360a}</UniqueIdentifier>
    </Filter>
    <Filter Include="File\entity\enemy">
      <UniqueIdentifier>{4138f270-862d-4db1-91c3-6eef4c74dc07}</UniqueIdentifier>
    </Filter>
    <Filter Include="File\entity\element">
      <UniqueIdentifier>{851fef52-4a27-4743-8fe3-6cdc7538b350}</UniqueIdentifier>
    </Filter>
  </ItemGroup>
  <ItemGroup>
    <ClCompile Include="src\CheckInput.cpp">
      <Filter>リソース ファイル\out_game\input</Filter>
    </ClCompile>
    <ClCompile Include="src\Game.cpp">
      <Filter>File\main</Filter>
    </ClCompile>
    <ClCompile Include="src\WinMain.cpp">
      <Filter>File\main</Filter>
    </ClCompile>
    <ClCompile Include="src\Player.cpp">
      <Filter>File\entity\player</Filter>
    </ClCompile>
    <ClCompile Include="src\GameScene.cpp">
      <Filter>File\scene</Filter>
    </ClCompile>
    <ClCompile Include="src\Enemy.cpp">
      <Filter>File\entity\enemy</Filter>
    </ClCompile>
  </ItemGroup>
  <ItemGroup>
    <ClInclude Include="src\CheckInput.h">
      <Filter>リソース ファイル\out_game\input</Filter>
    </ClInclude>
    <ClInclude Include="src\Game.h">
      <Filter>File\main</Filter>
    </ClInclude>
    <ClInclude Include="src\WinMain.h">
      <Filter>File\main</Filter>
    </ClInclude>
    <ClInclude Include="src\Player.h">
      <Filter>File\entity\player</Filter>
    </ClInclude>
    <ClInclude Include="src\Enemy.h">
      <Filter>File\entity\enemy</Filter>
    </ClInclude>
    <ClInclude Include="src\GameScene.h">
      <Filter>File\scene</Filter>
    </ClInclude>
    <ClInclude Include="src\Image.h">
      <Filter>リソース ファイル\out_game\Field</Filter>
    </ClInclude>
    <ClInclude Include="src\Vec2.h">
      <Filter>リソース ファイル\out_game\Field</Filter>
    </ClInclude>
    <ClInclude Include="src\Element.h">
      <Filter>File\entity\element</Filter>
    </ClInclude>
  </ItemGroup>
</Project>